
Microsoft Visual Studio Solution File, Format Version 12.00
# Visual Studio Version 17
VisualStudioVersion = 17.8.34316.72
MinimumVisualStudioVersion = 10.0.40219.1
Project("{8BC9CEB8-8B4A-11D0-8D11-00A0C91BC942}") = "sequential", "sequential\sequential.vcxproj", "{D3B9D785-1A8B-4A97-A2DD-900407BC98B5}"
EndProject
Project("{8BC9CEB8-8B4A-11D0-8D11-00A0C91BC942}") = "parallel", "parallel\parallel.vcxproj", "{2974C7B6-D196-4B47-9CA9-1BF5CF55062B}"
EndProject
Global
	GlobalSection(SolutionConfigurationPlatforms) = preSolution
		Debug|x64 = Debug|x64
		Debug|x86 = Debug|x86
		Release|x64 = Release|x64
		Release|x86 = Release|x86
	EndGlobalSection
	GlobalSection(ProjectConfigurationPlatforms) = postSolution
		{D3B9D785-1A8B-4A97-A2DD-900407BC98B5}.Debug|x64.ActiveCfg = Debug|x64
		{D3B9D785-1A8B-4A97-A2DD-900407BC98B5}.Debug|x64.Build.0 = Debug|x64
		{D3B9D785-1A8B-4A97-A2DD-900407BC98B5}.Debug|x86.ActiveCfg = Debug|Win32
		{D3B9D785-1A8B-4A97-A2DD-900407BC98B5}.Debug|x86.Build.0 = Debug|Win32
		{D3B9D785-1A8B-4A97-A2DD-900407BC98B5}.Release|x64.ActiveCfg = Release|x64
		{D3B9D785-1A8B-4A97-A2DD-900407BC98B5}.Release|x64.Build.0 = Release|x64
		{D3B9D785-1A8B-4A97-A2DD-900407BC98B5}.Release|x86.ActiveCfg = Release|Win32
		{D3B9D785-1A8B-4A97-A2DD-900407BC98B5}.Release|x86.Build.0 = Release|Win32
		{2974C7B6-D196-4B47-9CA9-1BF5CF55062B}.Debug|x64.ActiveCfg = Debug|x64
		{2974C7B6-D196-4B47-9CA9-1BF5CF55062B}.Debug|x64.Build.0 = Debug|x64
		{2974C7B6-D196-4B47-9CA9-1BF5CF55062B}.Debug|x86.ActiveCfg = Debug|Win32
		{2974C7B6-D196-4B47-9CA9-1BF5CF55062B}.Debug|x86.Build.0 = Debug|Win32
		{2974C7B6-D196-4B47-9CA9-1BF5CF55062B}.Release|x64.ActiveCfg = Release|x64
		{2974C7B6-D196-4B47-9CA9-1BF5CF55062B}.Release|x64.Build.0 = Release|x64
		{2974C7B6-D196-4B47-9CA9-1BF5CF55062B}.Release|x86.ActiveCfg = Release|Win32
		{2974C7B6-D196-4B47-9CA9-1BF5CF55062B}.Release|x86.Build.0 = Release|Win32
	EndGlobalSection
	GlobalSection(SolutionProperties) = preSolution
		HideSolutionNode = FALSE
	EndGlobalSection
	GlobalSection(ExtensibilityGlobals) = postSolution
		SolutionGuid = {91965274-40FF-4339-8524-02F92AE970E2}
	EndGlobalSection
EndGlobal
